// !$*UTF8*$!
{
	archiveVersion = 1;
	classes = {
	};
	objectVersion = 46;
	objects = {

/* Begin PBXBuildFile section */
		170E71661BC2F1C9007F2938 /* SoundCloud.swift in Sources */ = {isa = PBXBuildFile; fileRef = 170E71651BC2F1C9007F2938 /* SoundCloud.swift */; };
		171638E31BC2463F00D5EE25 /* OMGHTTPURLRQ.framework in Frameworks */ = {isa = PBXBuildFile; fileRef = 171638E11BC2463F00D5EE25 /* OMGHTTPURLRQ.framework */; };
		171638E41BC2463F00D5EE25 /* PromiseKit.framework in Frameworks */ = {isa = PBXBuildFile; fileRef = 171638E21BC2463F00D5EE25 /* PromiseKit.framework */; };
		171638E61BC256E500D5EE25 /* Private.swift in Sources */ = {isa = PBXBuildFile; fileRef = 171638E51BC256E500D5EE25 /* Private.swift */; };
		172839BE1BC2F8570090A550 /* TrackTableViewCell.swift in Sources */ = {isa = PBXBuildFile; fileRef = 172839BD1BC2F8570090A550 /* TrackTableViewCell.swift */; };
		17ACA4F31BBF9745002C20AA /* AppDelegate.swift in Sources */ = {isa = PBXBuildFile; fileRef = 17ACA4F21BBF9745002C20AA /* AppDelegate.swift */; };
		17ACA4F51BBF9745002C20AA /* HomeViewController.swift in Sources */ = {isa = PBXBuildFile; fileRef = 17ACA4F41BBF9745002C20AA /* HomeViewController.swift */; };
		17ACA4FA1BBF9745002C20AA /* Assets.xcassets in Resources */ = {isa = PBXBuildFile; fileRef = 17ACA4F91BBF9745002C20AA /* Assets.xcassets */; };
		17ACA4FD1BBF9745002C20AA /* LaunchScreen.storyboard in Resources */ = {isa = PBXBuildFile; fileRef = 17ACA4FB1BBF9745002C20AA /* LaunchScreen.storyboard */; };
		17ACA5081BBF9745002C20AA /* SCFDTests.swift in Sources */ = {isa = PBXBuildFile; fileRef = 17ACA5071BBF9745002C20AA /* SCFDTests.swift */; };
		17ACA5131BBF9745002C20AA /* SCFDUITests.swift in Sources */ = {isa = PBXBuildFile; fileRef = 17ACA5121BBF9745002C20AA /* SCFDUITests.swift */; };
		17ACA5211BC1B544002C20AA /* WindowController.swift in Sources */ = {isa = PBXBuildFile; fileRef = 17ACA5201BC1B544002C20AA /* WindowController.swift */; };
		17ACA5231BC1B581002C20AA /* Appearance.swift in Sources */ = {isa = PBXBuildFile; fileRef = 17ACA5221BC1B581002C20AA /* Appearance.swift */; };
		17ACA5251BC1B6D0002C20AA /* UIView+AutoLayout.swift in Sources */ = {isa = PBXBuildFile; fileRef = 17ACA5241BC1B6D0002C20AA /* UIView+AutoLayout.swift */; };
		17ACA52A1BC1B76F002C20AA /* Alamofire.framework in Frameworks */ = {isa = PBXBuildFile; fileRef = 17ACA5261BC1B76F002C20AA /* Alamofire.framework */; };
		17ACA52B1BC1B76F002C20AA /* Breit.framework in Frameworks */ = {isa = PBXBuildFile; fileRef = 17ACA5271BC1B76F002C20AA /* Breit.framework */; };
		17ACA52C1BC1B76F002C20AA /* SoundCloudKit.framework in Frameworks */ = {isa = PBXBuildFile; fileRef = 17ACA5281BC1B76F002C20AA /* SoundCloudKit.framework */; };
		17ACA52D1BC1B76F002C20AA /* SwiftyJSON.framework in Frameworks */ = {isa = PBXBuildFile; fileRef = 17ACA5291BC1B76F002C20AA /* SwiftyJSON.framework */; };
		17EA64F51BC746B10023C789 /* AlamofireImage.framework in Frameworks */ = {isa = PBXBuildFile; fileRef = 17EA64F41BC746B10023C789 /* AlamofireImage.framework */; };
		17EA64F71BC747660023C789 /* SwatchViewController.swift in Sources */ = {isa = PBXBuildFile; fileRef = 17EA64F61BC747660023C789 /* SwatchViewController.swift */; };
		17EA64FA1BC769280023C789 /* Chameleon.framework in Frameworks */ = {isa = PBXBuildFile; fileRef = 17EA64F91BC769280023C789 /* Chameleon.framework */; };
/* End PBXBuildFile section */

/* Begin PBXContainerItemProxy section */
		17ACA5041BBF9745002C20AA /* PBXContainerItemProxy */ = {
			isa = PBXContainerItemProxy;
			containerPortal = 17ACA4E71BBF9744002C20AA /* Project object */;
			proxyType = 1;
			remoteGlobalIDString = 17ACA4EE1BBF9744002C20AA;
			remoteInfo = SCFD;
		};
		17ACA50F1BBF9745002C20AA /* PBXContainerItemProxy */ = {
			isa = PBXContainerItemProxy;
			containerPortal = 17ACA4E71BBF9744002C20AA /* Project object */;
			proxyType = 1;
			remoteGlobalIDString = 17ACA4EE1BBF9744002C20AA;
			remoteInfo = SCFD;
		};
/* End PBXContainerItemProxy section */

/* Begin PBXFileReference section */
		170E71651BC2F1C9007F2938 /* SoundCloud.swift */ = {isa = PBXFileReference; fileEncoding = 4; lastKnownFileType = sourcecode.swift; path = SoundCloud.swift; sourceTree = "<group>"; };
		171638E11BC2463F00D5EE25 /* OMGHTTPURLRQ.framework */ = {isa = PBXFileReference; lastKnownFileType = wrapper.framework; name = OMGHTTPURLRQ.framework; path = Carthage/Build/iOS/OMGHTTPURLRQ.framework; sourceTree = "<group>"; };
		171638E21BC2463F00D5EE25 /* PromiseKit.framework */ = {isa = PBXFileReference; lastKnownFileType = wrapper.framework; name = PromiseKit.framework; path = Carthage/Build/iOS/PromiseKit.framework; sourceTree = "<group>"; };
		171638E51BC256E500D5EE25 /* Private.swift */ = {isa = PBXFileReference; fileEncoding = 4; lastKnownFileType = sourcecode.swift; path = Private.swift; sourceTree = "<group>"; };
		172839BD1BC2F8570090A550 /* TrackTableViewCell.swift */ = {isa = PBXFileReference; fileEncoding = 4; lastKnownFileType = sourcecode.swift; path = TrackTableViewCell.swift; sourceTree = "<group>"; };
		17ACA4EF1BBF9745002C20AA /* SCFD.app */ = {isa = PBXFileReference; explicitFileType = wrapper.application; includeInIndex = 0; path = SCFD.app; sourceTree = BUILT_PRODUCTS_DIR; };
		17ACA4F21BBF9745002C20AA /* AppDelegate.swift */ = {isa = PBXFileReference; lastKnownFileType = sourcecode.swift; path = AppDelegate.swift; sourceTree = "<group>"; };
		17ACA4F41BBF9745002C20AA /* HomeViewController.swift */ = {isa = PBXFileReference; lastKnownFileType = sourcecode.swift; path = HomeViewController.swift; sourceTree = "<group>"; };
		17ACA4F91BBF9745002C20AA /* Assets.xcassets */ = {isa = PBXFileReference; lastKnownFileType = folder.assetcatalog; path = Assets.xcassets; sourceTree = "<group>"; };
		17ACA4FC1BBF9745002C20AA /* Base */ = {isa = PBXFileReference; lastKnownFileType = file.storyboard; name = Base; path = Base.lproj/LaunchScreen.storyboard; sourceTree = "<group>"; };
		17ACA4FE1BBF9745002C20AA /* Info.plist */ = {isa = PBXFileReference; lastKnownFileType = text.plist.xml; path = Info.plist; sourceTree = "<group>"; };
		17ACA5031BBF9745002C20AA /* SCFDTests.xctest */ = {isa = PBXFileReference; explicitFileType = wrapper.cfbundle; includeInIndex = 0; path = SCFDTests.xctest; sourceTree = BUILT_PRODUCTS_DIR; };
		17ACA5071BBF9745002C20AA /* SCFDTests.swift */ = {isa = PBXFileReference; lastKnownFileType = sourcecode.swift; path = SCFDTests.swift; sourceTree = "<group>"; };
		17ACA5091BBF9745002C20AA /* Info.plist */ = {isa = PBXFileReference; lastKnownFileType = text.plist.xml; path = Info.plist; sourceTree = "<group>"; };
		17ACA50E1BBF9745002C20AA /* SCFDUITests.xctest */ = {isa = PBXFileReference; explicitFileType = wrapper.cfbundle; includeInIndex = 0; path = SCFDUITests.xctest; sourceTree = BUILT_PRODUCTS_DIR; };
		17ACA5121BBF9745002C20AA /* SCFDUITests.swift */ = {isa = PBXFileReference; lastKnownFileType = sourcecode.swift; path = SCFDUITests.swift; sourceTree = "<group>"; };
		17ACA5141BBF9745002C20AA /* Info.plist */ = {isa = PBXFileReference; lastKnownFileType = text.plist.xml; path = Info.plist; sourceTree = "<group>"; };
		17ACA5201BC1B544002C20AA /* WindowController.swift */ = {isa = PBXFileReference; fileEncoding = 4; lastKnownFileType = sourcecode.swift; path = WindowController.swift; sourceTree = "<group>"; };
		17ACA5221BC1B581002C20AA /* Appearance.swift */ = {isa = PBXFileReference; fileEncoding = 4; lastKnownFileType = sourcecode.swift; path = Appearance.swift; sourceTree = "<group>"; };
		17ACA5241BC1B6D0002C20AA /* UIView+AutoLayout.swift */ = {isa = PBXFileReference; fileEncoding = 4; lastKnownFileType = sourcecode.swift; path = "UIView+AutoLayout.swift"; sourceTree = "<group>"; };
		17ACA5261BC1B76F002C20AA /* Alamofire.framework */ = {isa = PBXFileReference; lastKnownFileType = wrapper.framework; name = Alamofire.framework; path = Carthage/Build/iOS/Alamofire.framework; sourceTree = "<group>"; };
		17ACA5271BC1B76F002C20AA /* Breit.framework */ = {isa = PBXFileReference; lastKnownFileType = wrapper.framework; name = Breit.framework; path = Carthage/Build/iOS/Breit.framework; sourceTree = "<group>"; };
		17ACA5281BC1B76F002C20AA /* SoundCloudKit.framework */ = {isa = PBXFileReference; lastKnownFileType = wrapper.framework; name = SoundCloudKit.framework; path = Carthage/Build/iOS/SoundCloudKit.framework; sourceTree = "<group>"; };
		17ACA5291BC1B76F002C20AA /* SwiftyJSON.framework */ = {isa = PBXFileReference; lastKnownFileType = wrapper.framework; name = SwiftyJSON.framework; path = Carthage/Build/iOS/SwiftyJSON.framework; sourceTree = "<group>"; };
		17EA64F41BC746B10023C789 /* AlamofireImage.framework */ = {isa = PBXFileReference; lastKnownFileType = wrapper.framework; name = AlamofireImage.framework; path = Carthage/Build/iOS/AlamofireImage.framework; sourceTree = "<group>"; };
		17EA64F61BC747660023C789 /* SwatchViewController.swift */ = {isa = PBXFileReference; fileEncoding = 4; lastKnownFileType = sourcecode.swift; path = SwatchViewController.swift; sourceTree = "<group>"; };
		17EA64F91BC769280023C789 /* Chameleon.framework */ = {isa = PBXFileReference; lastKnownFileType = wrapper.framework; name = Chameleon.framework; path = Carthage/Build/iOS/Chameleon.framework; sourceTree = "<group>"; };
/* End PBXFileReference section */

/* Begin PBXFrameworksBuildPhase section */
		17ACA4EC1BBF9744002C20AA /* Frameworks */ = {
			isa = PBXFrameworksBuildPhase;
			buildActionMask = 2147483647;
			files = (
				171638E31BC2463F00D5EE25 /* OMGHTTPURLRQ.framework in Frameworks */,
				171638E41BC2463F00D5EE25 /* PromiseKit.framework in Frameworks */,
				17ACA52A1BC1B76F002C20AA /* Alamofire.framework in Frameworks */,
				17ACA52B1BC1B76F002C20AA /* Breit.framework in Frameworks */,
				17ACA52C1BC1B76F002C20AA /* SoundCloudKit.framework in Frameworks */,
				17ACA52D1BC1B76F002C20AA /* SwiftyJSON.framework in Frameworks */,
				17EA64F51BC746B10023C789 /* AlamofireImage.framework in Frameworks */,
				17EA64FA1BC769280023C789 /* Chameleon.framework in Frameworks */,
			);
			runOnlyForDeploymentPostprocessing = 0;
		};
		17ACA5001BBF9745002C20AA /* Frameworks */ = {
			isa = PBXFrameworksBuildPhase;
			buildActionMask = 2147483647;
			files = (
			);
			runOnlyForDeploymentPostprocessing = 0;
		};
		17ACA50B1BBF9745002C20AA /* Frameworks */ = {
			isa = PBXFrameworksBuildPhase;
			buildActionMask = 2147483647;
			files = (
			);
			runOnlyForDeploymentPostprocessing = 0;
		};
/* End PBXFrameworksBuildPhase section */

/* Begin PBXGroup section */
		170E71671BC2F2B7007F2938 /* Home */ = {
			isa = PBXGroup;
			children = (
				17ACA4F41BBF9745002C20AA /* HomeViewController.swift */,
				172839BD1BC2F8570090A550 /* TrackTableViewCell.swift */,
			);
			name = Home;
			sourceTree = "<group>";
		};
		17ACA4E61BBF9744002C20AA = {
			isa = PBXGroup;
			children = (
				17ACA4F11BBF9745002C20AA /* src */,
				17ACA5061BBF9745002C20AA /* SCFDTests */,
				17ACA5111BBF9745002C20AA /* SCFDUITests */,
				17ACA4F01BBF9745002C20AA /* Products */,
				17ACA52F1BC1B844002C20AA /* Frameworks */,
			);
			sourceTree = "<group>";
		};
		17ACA4F01BBF9745002C20AA /* Products */ = {
			isa = PBXGroup;
			children = (
				17ACA4EF1BBF9745002C20AA /* SCFD.app */,
				17ACA5031BBF9745002C20AA /* SCFDTests.xctest */,
				17ACA50E1BBF9745002C20AA /* SCFDUITests.xctest */,
			);
			name = Products;
			sourceTree = "<group>";
		};
		17ACA4F11BBF9745002C20AA /* src */ = {
			isa = PBXGroup;
			children = (
				17ACA5301BC1B851002C20AA /* Extensions */,
				17ACA5221BC1B581002C20AA /* Appearance.swift */,
				17ACA5201BC1B544002C20AA /* WindowController.swift */,
				17ACA4F21BBF9745002C20AA /* AppDelegate.swift */,
				17EA64F81BC747690023C789 /* Swatch */,
				170E71671BC2F2B7007F2938 /* Home */,
				170E71651BC2F1C9007F2938 /* SoundCloud.swift */,
				171638E51BC256E500D5EE25 /* Private.swift */,
				17ACA5311BC1B866002C20AA /* Assets */,
			);
			path = src;
			sourceTree = "<group>";
		};
		17ACA5061BBF9745002C20AA /* SCFDTests */ = {
			isa = PBXGroup;
			children = (
				17ACA5071BBF9745002C20AA /* SCFDTests.swift */,
				17ACA5091BBF9745002C20AA /* Info.plist */,
			);
			path = SCFDTests;
			sourceTree = "<group>";
		};
		17ACA5111BBF9745002C20AA /* SCFDUITests */ = {
			isa = PBXGroup;
			children = (
				17ACA5121BBF9745002C20AA /* SCFDUITests.swift */,
				17ACA5141BBF9745002C20AA /* Info.plist */,
			);
			path = SCFDUITests;
			sourceTree = "<group>";
		};
		17ACA52F1BC1B844002C20AA /* Frameworks */ = {
			isa = PBXGroup;
			children = (
				17EA64F91BC769280023C789 /* Chameleon.framework */,
				17EA64F41BC746B10023C789 /* AlamofireImage.framework */,
				171638E11BC2463F00D5EE25 /* OMGHTTPURLRQ.framework */,
				171638E21BC2463F00D5EE25 /* PromiseKit.framework */,
				17ACA5261BC1B76F002C20AA /* Alamofire.framework */,
				17ACA5271BC1B76F002C20AA /* Breit.framework */,
				17ACA5281BC1B76F002C20AA /* SoundCloudKit.framework */,
				17ACA5291BC1B76F002C20AA /* SwiftyJSON.framework */,
			);
			name = Frameworks;
			sourceTree = "<group>";
		};
		17ACA5301BC1B851002C20AA /* Extensions */ = {
			isa = PBXGroup;
			children = (
				17ACA5241BC1B6D0002C20AA /* UIView+AutoLayout.swift */,
			);
			name = Extensions;
			sourceTree = "<group>";
		};
		17ACA5311BC1B866002C20AA /* Assets */ = {
			isa = PBXGroup;
			children = (
				17ACA4F91BBF9745002C20AA /* Assets.xcassets */,
				17ACA4FB1BBF9745002C20AA /* LaunchScreen.storyboard */,
				17ACA4FE1BBF9745002C20AA /* Info.plist */,
			);
			name = Assets;
			sourceTree = "<group>";
		};
		17EA64F81BC747690023C789 /* Swatch */ = {
			isa = PBXGroup;
			children = (
				17EA64F61BC747660023C789 /* SwatchViewController.swift */,
			);
			name = Swatch;
			sourceTree = "<group>";
		};
/* End PBXGroup section */

/* Begin PBXNativeTarget section */
		17ACA4EE1BBF9744002C20AA /* SCFD */ = {
			isa = PBXNativeTarget;
			buildConfigurationList = 17ACA5171BBF9745002C20AA /* Build configuration list for PBXNativeTarget "SCFD" */;
			buildPhases = (
				17ACA4EB1BBF9744002C20AA /* Sources */,
				17ACA4EC1BBF9744002C20AA /* Frameworks */,
				17ACA4ED1BBF9744002C20AA /* Resources */,
				17ACA52E1BC1B7AD002C20AA /* Carthage */,
			);
			buildRules = (
			);
			dependencies = (
			);
			name = SCFD;
			productName = SCFD;
			productReference = 17ACA4EF1BBF9745002C20AA /* SCFD.app */;
			productType = "com.apple.product-type.application";
		};
		17ACA5021BBF9745002C20AA /* SCFDTests */ = {
			isa = PBXNativeTarget;
			buildConfigurationList = 17ACA51A1BBF9745002C20AA /* Build configuration list for PBXNativeTarget "SCFDTests" */;
			buildPhases = (
				17ACA4FF1BBF9745002C20AA /* Sources */,
				17ACA5001BBF9745002C20AA /* Frameworks */,
				17ACA5011BBF9745002C20AA /* Resources */,
			);
			buildRules = (
			);
			dependencies = (
				17ACA5051BBF9745002C20AA /* PBXTargetDependency */,
			);
			name = SCFDTests;
			productName = SCFDTests;
			productReference = 17ACA5031BBF9745002C20AA /* SCFDTests.xctest */;
			productType = "com.apple.product-type.bundle.unit-test";
		};
		17ACA50D1BBF9745002C20AA /* SCFDUITests */ = {
			isa = PBXNativeTarget;
			buildConfigurationList = 17ACA51D1BBF9745002C20AA /* Build configuration list for PBXNativeTarget "SCFDUITests" */;
			buildPhases = (
				17ACA50A1BBF9745002C20AA /* Sources */,
				17ACA50B1BBF9745002C20AA /* Frameworks */,
				17ACA50C1BBF9745002C20AA /* Resources */,
			);
			buildRules = (
			);
			dependencies = (
				17ACA5101BBF9745002C20AA /* PBXTargetDependency */,
			);
			name = SCFDUITests;
			productName = SCFDUITests;
			productReference = 17ACA50E1BBF9745002C20AA /* SCFDUITests.xctest */;
			productType = "com.apple.product-type.bundle.ui-testing";
		};
/* End PBXNativeTarget section */

/* Begin PBXProject section */
		17ACA4E71BBF9744002C20AA /* Project object */ = {
			isa = PBXProject;
			attributes = {
				LastUpgradeCheck = 0700;
				ORGANIZATIONNAME = CHOI;
				TargetAttributes = {
					17ACA4EE1BBF9744002C20AA = {
						CreatedOnToolsVersion = 7.0;
					};
					17ACA5021BBF9745002C20AA = {
						CreatedOnToolsVersion = 7.0;
						TestTargetID = 17ACA4EE1BBF9744002C20AA;
					};
					17ACA50D1BBF9745002C20AA = {
						CreatedOnToolsVersion = 7.0;
						TestTargetID = 17ACA4EE1BBF9744002C20AA;
					};
				};
			};
			buildConfigurationList = 17ACA4EA1BBF9744002C20AA /* Build configuration list for PBXProject "SCFD" */;
			compatibilityVersion = "Xcode 3.2";
			developmentRegion = English;
			hasScannedForEncodings = 0;
			knownRegions = (
				en,
				Base,
			);
			mainGroup = 17ACA4E61BBF9744002C20AA;
			productRefGroup = 17ACA4F01BBF9745002C20AA /* Products */;
			projectDirPath = "";
			projectRoot = "";
			targets = (
				17ACA4EE1BBF9744002C20AA /* SCFD */,
				17ACA5021BBF9745002C20AA /* SCFDTests */,
				17ACA50D1BBF9745002C20AA /* SCFDUITests */,
			);
		};
/* End PBXProject section */

/* Begin PBXResourcesBuildPhase section */
		17ACA4ED1BBF9744002C20AA /* Resources */ = {
			isa = PBXResourcesBuildPhase;
			buildActionMask = 2147483647;
			files = (
				17ACA4FD1BBF9745002C20AA /* LaunchScreen.storyboard in Resources */,
				17ACA4FA1BBF9745002C20AA /* Assets.xcassets in Resources */,
			);
			runOnlyForDeploymentPostprocessing = 0;
		};
		17ACA5011BBF9745002C20AA /* Resources */ = {
			isa = PBXResourcesBuildPhase;
			buildActionMask = 2147483647;
			files = (
			);
			runOnlyForDeploymentPostprocessing = 0;
		};
		17ACA50C1BBF9745002C20AA /* Resources */ = {
			isa = PBXResourcesBuildPhase;
			buildActionMask = 2147483647;
			files = (
			);
			runOnlyForDeploymentPostprocessing = 0;
		};
/* End PBXResourcesBuildPhase section */

/* Begin PBXShellScriptBuildPhase section */
		17ACA52E1BC1B7AD002C20AA /* Carthage */ = {
			isa = PBXShellScriptBuildPhase;
			buildActionMask = 2147483647;
			files = (
			);
			inputPaths = (
				"$(SRCROOT)/Carthage/Build/iOS/SwiftyJSON.framework",
				"$(SRCROOT)/Carthage/Build/iOS/Alamofire.framework",
				"$(SRCROOT)/Carthage/Build/iOS/Breit.framework",
				"$(SRCROOT)/Carthage/Build/iOS/SoundCloudKit.framework",
				"$(SRCROOT)/Carthage/Build/iOS/OMGHTTPURLRQ.framework",
				"$(SRCROOT)/Carthage/Build/iOS/PromiseKit.framework",
				"$(SRCROOT)/Carthage/Build/iOS/AlamofireImage.framework",
				"$(SRCROOT)/Carthage/Build/iOS/Chameleon.framework",
			);
			name = Carthage;
			outputPaths = (
			);
			runOnlyForDeploymentPostprocessing = 0;
			shellPath = /bin/sh;
			shellScript = "/usr/local/bin/carthage copy-frameworks";
		};
/* End PBXShellScriptBuildPhase section */

/* Begin PBXSourcesBuildPhase section */
		17ACA4EB1BBF9744002C20AA /* Sources */ = {
			isa = PBXSourcesBuildPhase;
			buildActionMask = 2147483647;
			files = (
				17ACA5251BC1B6D0002C20AA /* UIView+AutoLayout.swift in Sources */,
				17EA64F71BC747660023C789 /* SwatchViewController.swift in Sources */,
				17ACA4F51BBF9745002C20AA /* HomeViewController.swift in Sources */,
				170E71661BC2F1C9007F2938 /* SoundCloud.swift in Sources */,
				172839BE1BC2F8570090A550 /* TrackTableViewCell.swift in Sources */,
				17ACA5211BC1B544002C20AA /* WindowController.swift in Sources */,
				17ACA4F31BBF9745002C20AA /* AppDelegate.swift in Sources */,
				17ACA5231BC1B581002C20AA /* Appearance.swift in Sources */,
				171638E61BC256E500D5EE25 /* Private.swift in Sources */,
			);
			runOnlyForDeploymentPostprocessing = 0;
		};
		17ACA4FF1BBF9745002C20AA /* Sources */ = {
			isa = PBXSourcesBuildPhase;
			buildActionMask = 2147483647;
			files = (
				17ACA5081BBF9745002C20AA /* SCFDTests.swift in Sources */,
			);
			runOnlyForDeploymentPostprocessing = 0;
		};
		17ACA50A1BBF9745002C20AA /* Sources */ = {
			isa = PBXSourcesBuildPhase;
			buildActionMask = 2147483647;
			files = (
				17ACA5131BBF9745002C20AA /* SCFDUITests.swift in Sources */,
			);
			runOnlyForDeploymentPostprocessing = 0;
		};
/* End PBXSourcesBuildPhase section */

/* Begin PBXTargetDependency section */
		17ACA5051BBF9745002C20AA /* PBXTargetDependency */ = {
			isa = PBXTargetDependency;
			target = 17ACA4EE1BBF9744002C20AA /* SCFD */;
			targetProxy = 17ACA5041BBF9745002C20AA /* PBXContainerItemProxy */;
		};
		17ACA5101BBF9745002C20AA /* PBXTargetDependency */ = {
			isa = PBXTargetDependency;
			target = 17ACA4EE1BBF9744002C20AA /* SCFD */;
			targetProxy = 17ACA50F1BBF9745002C20AA /* PBXContainerItemProxy */;
		};
/* End PBXTargetDependency section */

/* Begin PBXVariantGroup section */
		17ACA4FB1BBF9745002C20AA /* LaunchScreen.storyboard */ = {
			isa = PBXVariantGroup;
			children = (
				17ACA4FC1BBF9745002C20AA /* Base */,
			);
			name = LaunchScreen.storyboard;
			sourceTree = "<group>";
		};
/* End PBXVariantGroup section */

/* Begin XCBuildConfiguration section */
		17ACA5151BBF9745002C20AA /* Debug */ = {
			isa = XCBuildConfiguration;
			buildSettings = {
				ALWAYS_SEARCH_USER_PATHS = NO;
				CLANG_CXX_LANGUAGE_STANDARD = "gnu++0x";
				CLANG_CXX_LIBRARY = "libc++";
				CLANG_ENABLE_MODULES = YES;
				CLANG_ENABLE_OBJC_ARC = YES;
				CLANG_WARN_BOOL_CONVERSION = YES;
				CLANG_WARN_CONSTANT_CONVERSION = YES;
				CLANG_WARN_DIRECT_OBJC_ISA_USAGE = YES_ERROR;
				CLANG_WARN_EMPTY_BODY = YES;
				CLANG_WARN_ENUM_CONVERSION = YES;
				CLANG_WARN_INT_CONVERSION = YES;
				CLANG_WARN_OBJC_ROOT_CLASS = YES_ERROR;
				CLANG_WARN_UNREACHABLE_CODE = YES;
				CLANG_WARN__DUPLICATE_METHOD_MATCH = YES;
				"CODE_SIGN_IDENTITY[sdk=iphoneos*]" = "iPhone Developer";
				COPY_PHASE_STRIP = NO;
				DEBUG_INFORMATION_FORMAT = dwarf;
				ENABLE_STRICT_OBJC_MSGSEND = YES;
				ENABLE_TESTABILITY = YES;
				GCC_C_LANGUAGE_STANDARD = gnu99;
				GCC_DYNAMIC_NO_PIC = NO;
				GCC_NO_COMMON_BLOCKS = YES;
				GCC_OPTIMIZATION_LEVEL = 0;
				GCC_PREPROCESSOR_DEFINITIONS = (
					"DEBUG=1",
					"$(inherited)",
				);
				GCC_WARN_64_TO_32_BIT_CONVERSION = YES;
				GCC_WARN_ABOUT_RETURN_TYPE = YES_ERROR;
				GCC_WARN_UNDECLARED_SELECTOR = YES;
				GCC_WARN_UNINITIALIZED_AUTOS = YES_AGGRESSIVE;
				GCC_WARN_UNUSED_FUNCTION = YES;
				GCC_WARN_UNUSED_VARIABLE = YES;
				IPHONEOS_DEPLOYMENT_TARGET = 9.0;
				MTL_ENABLE_DEBUG_INFO = YES;
				ONLY_ACTIVE_ARCH = YES;
				SDKROOT = iphoneos;
				SWIFT_OPTIMIZATION_LEVEL = "-Onone";
			};
			name = Debug;
		};
		17ACA5161BBF9745002C20AA /* Release */ = {
			isa = XCBuildConfiguration;
			buildSettings = {
				ALWAYS_SEARCH_USER_PATHS = NO;
				CLANG_CXX_LANGUAGE_STANDARD = "gnu++0x";
				CLANG_CXX_LIBRARY = "libc++";
				CLANG_ENABLE_MODULES = YES;
				CLANG_ENABLE_OBJC_ARC = YES;
				CLANG_WARN_BOOL_CONVERSION = YES;
				CLANG_WARN_CONSTANT_CONVERSION = YES;
				CLANG_WARN_DIRECT_OBJC_ISA_USAGE = YES_ERROR;
				CLANG_WARN_EMPTY_BODY = YES;
				CLANG_WARN_ENUM_CONVERSION = YES;
				CLANG_WARN_INT_CONVERSION = YES;
				CLANG_WARN_OBJC_ROOT_CLASS = YES_ERROR;
				CLANG_WARN_UNREACHABLE_CODE = YES;
				CLANG_WARN__DUPLICATE_METHOD_MATCH = YES;
				"CODE_SIGN_IDENTITY[sdk=iphoneos*]" = "iPhone Developer";
				COPY_PHASE_STRIP = NO;
				DEBUG_INFORMATION_FORMAT = "dwarf-with-dsym";
				ENABLE_NS_ASSERTIONS = NO;
				ENABLE_STRICT_OBJC_MSGSEND = YES;
				GCC_C_LANGUAGE_STANDARD = gnu99;
				GCC_NO_COMMON_BLOCKS = YES;
				GCC_WARN_64_TO_32_BIT_CONVERSION = YES;
				GCC_WARN_ABOUT_RETURN_TYPE = YES_ERROR;
				GCC_WARN_UNDECLARED_SELECTOR = YES;
				GCC_WARN_UNINITIALIZED_AUTOS = YES_AGGRESSIVE;
				GCC_WARN_UNUSED_FUNCTION = YES;
				GCC_WARN_UNUSED_VARIABLE = YES;
				IPHONEOS_DEPLOYMENT_TARGET = 9.0;
				MTL_ENABLE_DEBUG_INFO = NO;
				SDKROOT = iphoneos;
				VALIDATE_PRODUCT = YES;
			};
			name = Release;
		};
		17ACA5181BBF9745002C20AA /* Debug */ = {
			isa = XCBuildConfiguration;
			buildSettings = {
				ASSETCATALOG_COMPILER_APPICON_NAME = AppIcon;
				FRAMEWORK_SEARCH_PATHS = (
					"$(inherited)",
					"$(PROJECT_DIR)/Carthage/Build/iOS",
				);
				INFOPLIST_FILE = "$(SRCROOT)/src/Info.plist";
				LD_RUNPATH_SEARCH_PATHS = "$(inherited) @executable_path/Frameworks";
				PRODUCT_BUNDLE_IDENTIFIER = CHOI.SCFD;
				PRODUCT_NAME = "$(TARGET_NAME)";
			};
			name = Debug;
		};
		17ACA5191BBF9745002C20AA /* Release */ = {
			isa = XCBuildConfiguration;
			buildSettings = {
				ASSETCATALOG_COMPILER_APPICON_NAME = AppIcon;
				FRAMEWORK_SEARCH_PATHS = (
					"$(inherited)",
					"$(PROJECT_DIR)/Carthage/Build/iOS",
				);
				INFOPLIST_FILE = "$(SRCROOT)/src/Info.plist";
				LD_RUNPATH_SEARCH_PATHS = "$(inherited) @executable_path/Frameworks";
				PRODUCT_BUNDLE_IDENTIFIER = CHOI.SCFD;
				PRODUCT_NAME = "$(TARGET_NAME)";
			};
			name = Release;
		};
		17ACA51B1BBF9745002C20AA /* Debug */ = {
			isa = XCBuildConfiguration;
			buildSettings = {
				BUNDLE_LOADER = "$(TEST_HOST)";
				INFOPLIST_FILE = SCFDTests/Info.plist;
				LD_RUNPATH_SEARCH_PATHS = "$(inherited) @executable_path/Frameworks @loader_path/Frameworks";
				PRODUCT_BUNDLE_IDENTIFIER = CHOI.SCFDTests;
				PRODUCT_NAME = "$(TARGET_NAME)";
				TEST_HOST = "$(BUILT_PRODUCTS_DIR)/SCFD.app/SCFD";
			};
			name = Debug;
		};
		17ACA51C1BBF9745002C20AA /* Release */ = {
			isa = XCBuildConfiguration;
			buildSettings = {
				BUNDLE_LOADER = "$(TEST_HOST)";
				INFOPLIST_FILE = SCFDTests/Info.plist;
				LD_RUNPATH_SEARCH_PATHS = "$(inherited) @executable_path/Frameworks @loader_path/Frameworks";
				PRODUCT_BUNDLE_IDENTIFIER = CHOI.SCFDTests;
				PRODUCT_NAME = "$(TARGET_NAME)";
				TEST_HOST = "$(BUILT_PRODUCTS_DIR)/SCFD.app/SCFD";
			};
			name = Release;
		};
		17ACA51E1BBF9745002C20AA /* Debug */ = {
			isa = XCBuildConfiguration;
			buildSettings = {
				INFOPLIST_FILE = SCFDUITests/Info.plist;
				LD_RUNPATH_SEARCH_PATHS = "$(inherited) @executable_path/Frameworks @loader_path/Frameworks";
				PRODUCT_BUNDLE_IDENTIFIER = CHOI.SCFDUITests;
				PRODUCT_NAME = "$(TARGET_NAME)";
				TEST_TARGET_NAME = SCFD;
				USES_XCTRUNNER = YES;
			};
			name = Debug;
		};
		17ACA51F1BBF9745002C20AA /* Release */ = {
			isa = XCBuildConfiguration;
			buildSettings = {
				INFOPLIST_FILE = SCFDUITests/Info.plist;
				LD_RUNPATH_SEARCH_PATHS = "$(inherited) @executable_path/Frameworks @loader_path/Frameworks";
				PRODUCT_BUNDLE_IDENTIFIER = CHOI.SCFDUITests;
				PRODUCT_NAME = "$(TARGET_NAME)";
				TEST_TARGET_NAME = SCFD;
				USES_XCTRUNNER = YES;
			};
			name = Release;
		};
/* End XCBuildConfiguration section */

/* Begin XCConfigurationList section */
		17ACA4EA1BBF9744002C20AA /* Build configuration list for PBXProject "SCFD" */ = {
			isa = XCConfigurationList;
			buildConfigurations = (
				17ACA5151BBF9745002C20AA /* Debug */,
				17ACA5161BBF9745002C20AA /* Release */,
			);
			defaultConfigurationIsVisible = 0;
			defaultConfigurationName = Release;
		};
		17ACA5171BBF9745002C20AA /* Build configuration list for PBXNativeTarget "SCFD" */ = {
			isa = XCConfigurationList;
			buildConfigurations = (
				17ACA5181BBF9745002C20AA /* Debug */,
				17ACA5191BBF9745002C20AA /* Release */,
			);
			defaultConfigurationIsVisible = 0;
			defaultConfigurationName = Release;
		};
		17ACA51A1BBF9745002C20AA /* Build configuration list for PBXNativeTarget "SCFDTests" */ = {
			isa = XCConfigurationList;
			buildConfigurations = (
				17ACA51B1BBF9745002C20AA /* Debug */,
				17ACA51C1BBF9745002C20AA /* Release */,
			);
			defaultConfigurationIsVisible = 0;
			defaultConfigurationName = Release;
		};
		17ACA51D1BBF9745002C20AA /* Build configuration list for PBXNativeTarget "SCFDUITests" */ = {
			isa = XCConfigurationList;
			buildConfigurations = (
				17ACA51E1BBF9745002C20AA /* Debug */,
				17ACA51F1BBF9745002C20AA /* Release */,
			);
			defaultConfigurationIsVisible = 0;
			defaultConfigurationName = Release;
		};
/* End XCConfigurationList section */
	};
	rootObject = 17ACA4E71BBF9744002C20AA /* Project object */;
}
